
Microsoft Visual Studio Solution File, Format Version 12.00
# Visual Studio Version 17
VisualStudioVersion = 17.10.35004.147
MinimumVisualStudioVersion = 10.0.40219.1
Project("{9A19103F-16F7-4668-BE54-9A1E7A4F7556}") = "Todo", "Todo\Todo.csproj", "{2697BD51-6D9F-4C70-B2C9-62E6EF13E776}"
EndProject
Global
	GlobalSection(SolutionConfigurationPlatforms) = preSolution
		Debug|Any CPU = Debug|Any CPU
		Release|Any CPU = Release|Any CPU
	EndGlobalSection
	GlobalSection(ProjectConfigurationPlatforms) = postSolution
		{2697BD51-6D9F-4C70-B2C9-62E6EF13E776}.Debug|Any CPU.ActiveCfg = Debug|Any CPU
		{2697BD51-6D9F-4C70-B2C9-62E6EF13E776}.Debug|Any CPU.Build.0 = Debug|Any CPU
		{2697BD51-6D9F-4C70-B2C9-62E6EF13E776}.Debug|Any CPU.Deploy.0 = Debug|Any CPU
		{2697BD51-6D9F-4C70-B2C9-62E6EF13E776}.Release|Any CPU.ActiveCfg = Release|Any CPU
		{2697BD51-6D9F-4C70-B2C9-62E6EF13E776}.Release|Any CPU.Build.0 = Release|Any CPU
	EndGlobalSection
	GlobalSection(SolutionProperties) = preSolution
		HideSolutionNode = FALSE
	EndGlobalSection
	GlobalSection(ExtensibilityGlobals) = postSolution
		SolutionGuid = {09BBEAF0-178E-4ECE-B6BA-1708E1BEEB09}
	EndGlobalSection
EndGlobal
